// !$*UTF8*$!
{
	archiveVersion = 1;
	classes = {
	};
	objectVersion = 50;
	objects = {

/* Begin PBXBuildFile section */
		7D4971D3250B2B9800727B19 /* AppDelegate.swift in Sources */ = {isa = PBXBuildFile; fileRef = 7D4971D2250B2B9800727B19 /* AppDelegate.swift */; };
		7D4971D7250B2B9800727B19 /* ViewController.swift in Sources */ = {isa = PBXBuildFile; fileRef = 7D4971D6250B2B9800727B19 /* ViewController.swift */; };
		7D4971DA250B2B9900727B19 /* Main.storyboard in Resources */ = {isa = PBXBuildFile; fileRef = 7D4971D8250B2B9800727B19 /* Main.storyboard */; };
		7D4971DC250B2B9900727B19 /* Assets.xcassets in Resources */ = {isa = PBXBuildFile; fileRef = 7D4971DB250B2B9900727B19 /* Assets.xcassets */; };
		7D4971DF250B2B9900727B19 /* LaunchScreen.storyboard in Resources */ = {isa = PBXBuildFile; fileRef = 7D4971DD250B2B9900727B19 /* LaunchScreen.storyboard */; };
		7D4971E7250B2CB900727B19 /* BaseTabbarC.swift in Sources */ = {isa = PBXBuildFile; fileRef = 7D4971E6250B2CB900727B19 /* BaseTabbarC.swift */; };
		7D4971EE250B300100727B19 /* OneVC.swift in Sources */ = {isa = PBXBuildFile; fileRef = 7D4971EC250B300100727B19 /* OneVC.swift */; };
		7D4971EF250B300100727B19 /* OneVC.xib in Resources */ = {isa = PBXBuildFile; fileRef = 7D4971ED250B300100727B19 /* OneVC.xib */; };
		7D4971F2250B300F00727B19 /* TwoVC.swift in Sources */ = {isa = PBXBuildFile; fileRef = 7D4971F0250B300F00727B19 /* TwoVC.swift */; };
		7D4971F3250B300F00727B19 /* TwoVC.xib in Resources */ = {isa = PBXBuildFile; fileRef = 7D4971F1250B300F00727B19 /* TwoVC.xib */; };
		7D4971F6250B301D00727B19 /* ThreeVC.swift in Sources */ = {isa = PBXBuildFile; fileRef = 7D4971F4250B301D00727B19 /* ThreeVC.swift */; };
		7D4971F7250B301D00727B19 /* ThreeVC.xib in Resources */ = {isa = PBXBuildFile; fileRef = 7D4971F5250B301D00727B19 /* ThreeVC.xib */; };
		7D4971FA250B302A00727B19 /* FourVC.swift in Sources */ = {isa = PBXBuildFile; fileRef = 7D4971F8250B302A00727B19 /* FourVC.swift */; };
		7D4971FB250B302A00727B19 /* FourVC.xib in Resources */ = {isa = PBXBuildFile; fileRef = 7D4971F9250B302A00727B19 /* FourVC.xib */; };
		7D4971FE250B516000727B19 /* FourTableViewCell.swift in Sources */ = {isa = PBXBuildFile; fileRef = 7D4971FC250B516000727B19 /* FourTableViewCell.swift */; };
		7D4971FF250B516000727B19 /* FourTableViewCell.xib in Resources */ = {isa = PBXBuildFile; fileRef = 7D4971FD250B516000727B19 /* FourTableViewCell.xib */; };
		7D497201250B717800727B19 /* QRCodeVC.swift in Sources */ = {isa = PBXBuildFile; fileRef = 7D497200250B717800727B19 /* QRCodeVC.swift */; };
		7D497203250C847400727B19 /* ScanQRVC.swift in Sources */ = {isa = PBXBuildFile; fileRef = 7D497202250C847400727B19 /* ScanQRVC.swift */; };
		7D497206250CBF7800727B19 /* TwoViewCell.swift in Sources */ = {isa = PBXBuildFile; fileRef = 7D497204250CBF7800727B19 /* TwoViewCell.swift */; };
		7D497207250CBF7800727B19 /* TwoViewCell.xib in Resources */ = {isa = PBXBuildFile; fileRef = 7D497205250CBF7800727B19 /* TwoViewCell.xib */; };
		7D49720B250F4D5F00727B19 /* SwiftTools.swift in Sources */ = {isa = PBXBuildFile; fileRef = 7D49720A250F4D5F00727B19 /* SwiftTools.swift */; };
		7D4972A225133F0000727B19 /* UIAlertExtension.swift in Sources */ = {isa = PBXBuildFile; fileRef = 7D4972A125133F0000727B19 /* UIAlertExtension.swift */; };
/* End PBXBuildFile section */

/* Begin PBXFileReference section */
		7D4971CF250B2B9800727B19 /* StudySwiftDemo.app */ = {isa = PBXFileReference; explicitFileType = wrapper.application; includeInIndex = 0; path = StudySwiftDemo.app; sourceTree = BUILT_PRODUCTS_DIR; };
		7D4971D2250B2B9800727B19 /* AppDelegate.swift */ = {isa = PBXFileReference; lastKnownFileType = sourcecode.swift; path = AppDelegate.swift; sourceTree = "<group>"; };
		7D4971D6250B2B9800727B19 /* ViewController.swift */ = {isa = PBXFileReference; lastKnownFileType = sourcecode.swift; path = ViewController.swift; sourceTree = "<group>"; };
		7D4971D9250B2B9800727B19 /* Base */ = {isa = PBXFileReference; lastKnownFileType = file.storyboard; name = Base; path = Base.lproj/Main.storyboard; sourceTree = "<group>"; };
		7D4971DB250B2B9900727B19 /* Assets.xcassets */ = {isa = PBXFileReference; lastKnownFileType = folder.assetcatalog; path = Assets.xcassets; sourceTree = "<group>"; };
		7D4971DE250B2B9900727B19 /* Base */ = {isa = PBXFileReference; lastKnownFileType = file.storyboard; name = Base; path = Base.lproj/LaunchScreen.storyboard; sourceTree = "<group>"; };
		7D4971E0250B2B9900727B19 /* Info.plist */ = {isa = PBXFileReference; lastKnownFileType = text.plist.xml; path = Info.plist; sourceTree = "<group>"; };
		7D4971E6250B2CB900727B19 /* BaseTabbarC.swift */ = {isa = PBXFileReference; lastKnownFileType = sourcecode.swift; path = BaseTabbarC.swift; sourceTree = "<group>"; };
		7D4971EC250B300100727B19 /* OneVC.swift */ = {isa = PBXFileReference; lastKnownFileType = sourcecode.swift; path = OneVC.swift; sourceTree = "<group>"; };
		7D4971ED250B300100727B19 /* OneVC.xib */ = {isa = PBXFileReference; lastKnownFileType = file.xib; path = OneVC.xib; sourceTree = "<group>"; };
		7D4971F0250B300F00727B19 /* TwoVC.swift */ = {isa = PBXFileReference; lastKnownFileType = sourcecode.swift; path = TwoVC.swift; sourceTree = "<group>"; };
		7D4971F1250B300F00727B19 /* TwoVC.xib */ = {isa = PBXFileReference; lastKnownFileType = file.xib; path = TwoVC.xib; sourceTree = "<group>"; };
		7D4971F4250B301D00727B19 /* ThreeVC.swift */ = {isa = PBXFileReference; lastKnownFileType = sourcecode.swift; path = ThreeVC.swift; sourceTree = "<group>"; };
		7D4971F5250B301D00727B19 /* ThreeVC.xib */ = {isa = PBXFileReference; lastKnownFileType = file.xib; path = ThreeVC.xib; sourceTree = "<group>"; };
		7D4971F8250B302A00727B19 /* FourVC.swift */ = {isa = PBXFileReference; lastKnownFileType = sourcecode.swift; path = FourVC.swift; sourceTree = "<group>"; };
		7D4971F9250B302A00727B19 /* FourVC.xib */ = {isa = PBXFileReference; lastKnownFileType = file.xib; path = FourVC.xib; sourceTree = "<group>"; };
		7D4971FC250B516000727B19 /* FourTableViewCell.swift */ = {isa = PBXFileReference; lastKnownFileType = sourcecode.swift; path = FourTableViewCell.swift; sourceTree = "<group>"; };
		7D4971FD250B516000727B19 /* FourTableViewCell.xib */ = {isa = PBXFileReference; lastKnownFileType = file.xib; path = FourTableViewCell.xib; sourceTree = "<group>"; };
		7D497200250B717800727B19 /* QRCodeVC.swift */ = {isa = PBXFileReference; lastKnownFileType = sourcecode.swift; path = QRCodeVC.swift; sourceTree = "<group>"; };
		7D497202250C847400727B19 /* ScanQRVC.swift */ = {isa = PBXFileReference; lastKnownFileType = sourcecode.swift; path = ScanQRVC.swift; sourceTree = "<group>"; };
		7D497204250CBF7800727B19 /* TwoViewCell.swift */ = {isa = PBXFileReference; lastKnownFileType = sourcecode.swift; path = TwoViewCell.swift; sourceTree = "<group>"; };
		7D497205250CBF7800727B19 /* TwoViewCell.xib */ = {isa = PBXFileReference; lastKnownFileType = file.xib; path = TwoViewCell.xib; sourceTree = "<group>"; };
		7D497208250F456600727B19 /* zh-Hant */ = {isa = PBXFileReference; lastKnownFileType = text.plist.strings; name = "zh-Hant"; path = "zh-Hant.lproj/Main.strings"; sourceTree = "<group>"; };
		7D497209250F456600727B19 /* zh-Hant */ = {isa = PBXFileReference; lastKnownFileType = text.plist.strings; name = "zh-Hant"; path = "zh-Hant.lproj/LaunchScreen.strings"; sourceTree = "<group>"; };
		7D49720A250F4D5F00727B19 /* SwiftTools.swift */ = {isa = PBXFileReference; lastKnownFileType = sourcecode.swift; path = SwiftTools.swift; sourceTree = "<group>"; };
		7D4972A125133F0000727B19 /* UIAlertExtension.swift */ = {isa = PBXFileReference; lastKnownFileType = sourcecode.swift; path = UIAlertExtension.swift; sourceTree = "<group>"; };
/* End PBXFileReference section */

/* Begin PBXFrameworksBuildPhase section */
		7D4971CC250B2B9800727B19 /* Frameworks */ = {
			isa = PBXFrameworksBuildPhase;
			buildActionMask = 2147483647;
			files = (
			);
			runOnlyForDeploymentPostprocessing = 0;
		};
/* End PBXFrameworksBuildPhase section */

/* Begin PBXGroup section */
		7D4971C6250B2B9800727B19 = {
			isa = PBXGroup;
			children = (
				7D4971D1250B2B9800727B19 /* StudySwiftDemo */,
				7D4971D0250B2B9800727B19 /* Products */,
			);
			sourceTree = "<group>";
		};
		7D4971D0250B2B9800727B19 /* Products */ = {
			isa = PBXGroup;
			children = (
				7D4971CF250B2B9800727B19 /* StudySwiftDemo.app */,
			);
			name = Products;
			sourceTree = "<group>";
		};
		7D4971D1250B2B9800727B19 /* StudySwiftDemo */ = {
			isa = PBXGroup;
			children = (
				7D4971EB250B2FE100727B19 /* OneVC */,
				7D4971EA250B2FD900727B19 /* TwoVC */,
				7D4971E9250B2FD100727B19 /* ThreeVC */,
				7D4971E8250B2FBB00727B19 /* FourVC */,
				7D4971D2250B2B9800727B19 /* AppDelegate.swift */,
				7D4971D6250B2B9800727B19 /* ViewController.swift */,
				7D4971E6250B2CB900727B19 /* BaseTabbarC.swift */,
				7D49720A250F4D5F00727B19 /* SwiftTools.swift */,
				7D4972A125133F0000727B19 /* UIAlertExtension.swift */,
				7D4971D8250B2B9800727B19 /* Main.storyboard */,
				7D4971DB250B2B9900727B19 /* Assets.xcassets */,
				7D4971DD250B2B9900727B19 /* LaunchScreen.storyboard */,
				7D4971E0250B2B9900727B19 /* Info.plist */,
			);
			path = StudySwiftDemo;
			sourceTree = "<group>";
		};
		7D4971E8250B2FBB00727B19 /* FourVC */ = {
			isa = PBXGroup;
			children = (
				7D4971F8250B302A00727B19 /* FourVC.swift */,
				7D4971F9250B302A00727B19 /* FourVC.xib */,
				7D4971FC250B516000727B19 /* FourTableViewCell.swift */,
				7D4971FD250B516000727B19 /* FourTableViewCell.xib */,
				7D497200250B717800727B19 /* QRCodeVC.swift */,
				7D497202250C847400727B19 /* ScanQRVC.swift */,
			);
			path = FourVC;
			sourceTree = "<group>";
		};
		7D4971E9250B2FD100727B19 /* ThreeVC */ = {
			isa = PBXGroup;
			children = (
				7D4971F4250B301D00727B19 /* ThreeVC.swift */,
				7D4971F5250B301D00727B19 /* ThreeVC.xib */,
			);
			path = ThreeVC;
			sourceTree = "<group>";
		};
		7D4971EA250B2FD900727B19 /* TwoVC */ = {
			isa = PBXGroup;
			children = (
				7D4971F0250B300F00727B19 /* TwoVC.swift */,
				7D4971F1250B300F00727B19 /* TwoVC.xib */,
				7D497204250CBF7800727B19 /* TwoViewCell.swift */,
				7D497205250CBF7800727B19 /* TwoViewCell.xib */,
			);
			path = TwoVC;
			sourceTree = "<group>";
		};
		7D4971EB250B2FE100727B19 /* OneVC */ = {
			isa = PBXGroup;
			children = (
				7D4971EC250B300100727B19 /* OneVC.swift */,
				7D4971ED250B300100727B19 /* OneVC.xib */,
			);
			path = OneVC;
			sourceTree = "<group>";
		};
/* End PBXGroup section */

/* Begin PBXNativeTarget section */
		7D4971CE250B2B9800727B19 /* StudySwiftDemo */ = {
			isa = PBXNativeTarget;
			buildConfigurationList = 7D4971E3250B2B9900727B19 /* Build configuration list for PBXNativeTarget "StudySwiftDemo" */;
			buildPhases = (
				7D4971CB250B2B9800727B19 /* Sources */,
				7D4971CC250B2B9800727B19 /* Frameworks */,
				7D4971CD250B2B9800727B19 /* Resources */,
			);
			buildRules = (
			);
			dependencies = (
			);
			name = StudySwiftDemo;
			productName = StudySwiftDemo;
			productReference = 7D4971CF250B2B9800727B19 /* StudySwiftDemo.app */;
			productType = "com.apple.product-type.application";
		};
/* End PBXNativeTarget section */

/* Begin PBXProject section */
		7D4971C7250B2B9800727B19 /* Project object */ = {
			isa = PBXProject;
			attributes = {
				LastSwiftUpdateCheck = 1170;
				LastUpgradeCheck = 1170;
				ORGANIZATIONNAME = stYiwe;
				TargetAttributes = {
					7D4971CE250B2B9800727B19 = {
						CreatedOnToolsVersion = 11.7;
					};
				};
			};
			buildConfigurationList = 7D4971CA250B2B9800727B19 /* Build configuration list for PBXProject "StudySwiftDemo" */;
			compatibilityVersion = "Xcode 9.3";
			developmentRegion = en;
			hasScannedForEncodings = 0;
			knownRegions = (
				en,
				Base,
				"zh-Hant",
			);
			mainGroup = 7D4971C6250B2B9800727B19;
			productRefGroup = 7D4971D0250B2B9800727B19 /* Products */;
			projectDirPath = "";
			projectRoot = "";
			targets = (
				7D4971CE250B2B9800727B19 /* StudySwiftDemo */,
			);
		};
/* End PBXProject section */

/* Begin PBXResourcesBuildPhase section */
		7D4971CD250B2B9800727B19 /* Resources */ = {
			isa = PBXResourcesBuildPhase;
			buildActionMask = 2147483647;
			files = (
				7D4971F3250B300F00727B19 /* TwoVC.xib in Resources */,
				7D4971FB250B302A00727B19 /* FourVC.xib in Resources */,
				7D4971DF250B2B9900727B19 /* LaunchScreen.storyboard in Resources */,
				7D4971EF250B300100727B19 /* OneVC.xib in Resources */,
				7D497207250CBF7800727B19 /* TwoViewCell.xib in Resources */,
				7D4971DC250B2B9900727B19 /* Assets.xcassets in Resources */,
				7D4971FF250B516000727B19 /* FourTableViewCell.xib in Resources */,
				7D4971DA250B2B9900727B19 /* Main.storyboard in Resources */,
				7D4971F7250B301D00727B19 /* ThreeVC.xib in Resources */,
			);
			runOnlyForDeploymentPostprocessing = 0;
		};
/* End PBXResourcesBuildPhase section */

/* Begin PBXSourcesBuildPhase section */
		7D4971CB250B2B9800727B19 /* Sources */ = {
			isa = PBXSourcesBuildPhase;
			buildActionMask = 2147483647;
			files = (
				7D497206250CBF7800727B19 /* TwoViewCell.swift in Sources */,
				7D4972A225133F0000727B19 /* UIAlertExtension.swift in Sources */,
				7D4971D7250B2B9800727B19 /* ViewController.swift in Sources */,
				7D4971FE250B516000727B19 /* FourTableViewCell.swift in Sources */,
				7D497203250C847400727B19 /* ScanQRVC.swift in Sources */,
				7D4971F6250B301D00727B19 /* ThreeVC.swift in Sources */,
				7D4971F2250B300F00727B19 /* TwoVC.swift in Sources */,
				7D4971EE250B300100727B19 /* OneVC.swift in Sources */,
				7D497201250B717800727B19 /* QRCodeVC.swift in Sources */,
				7D4971FA250B302A00727B19 /* FourVC.swift in Sources */,
				7D49720B250F4D5F00727B19 /* SwiftTools.swift in Sources */,
				7D4971D3250B2B9800727B19 /* AppDelegate.swift in Sources */,
				7D4971E7250B2CB900727B19 /* BaseTabbarC.swift in Sources */,
			);
			runOnlyForDeploymentPostprocessing = 0;
		};
/* End PBXSourcesBuildPhase section */

/* Begin PBXVariantGroup section */
		7D4971D8250B2B9800727B19 /* Main.storyboard */ = {
			isa = PBXVariantGroup;
			children = (
				7D4971D9250B2B9800727B19 /* Base */,
				7D497208250F456600727B19 /* zh-Hant */,
			);
			name = Main.storyboard;
			sourceTree = "<group>";
		};
		7D4971DD250B2B9900727B19 /* LaunchScreen.storyboard */ = {
			isa = PBXVariantGroup;
			children = (
				7D4971DE250B2B9900727B19 /* Base */,
				7D497209250F456600727B19 /* zh-Hant */,
			);
			name = LaunchScreen.storyboard;
			sourceTree = "<group>";
		};
/* End PBXVariantGroup section */

/* Begin XCBuildConfiguration section */
		7D4971E1250B2B9900727B19 /* Debug */ = {
			isa = XCBuildConfiguration;
			buildSettings = {
				ALWAYS_SEARCH_USER_PATHS = NO;
				CLANG_ANALYZER_LOCALIZABILITY_NONLOCALIZED = YES;
				CLANG_ANALYZER_NONNULL = YES;
				CLANG_ANALYZER_NUMBER_OBJECT_CONVERSION = YES_AGGRESSIVE;
				CLANG_CXX_LANGUAGE_STANDARD = "gnu++14";
				CLANG_CXX_LIBRARY = "libc++";
				CLANG_ENABLE_MODULES = YES;
				CLANG_ENABLE_OBJC_ARC = YES;
				CLANG_ENABLE_OBJC_WEAK = YES;
				CLANG_WARN_BLOCK_CAPTURE_AUTORELEASING = YES;
				CLANG_WARN_BOOL_CONVERSION = YES;
				CLANG_WARN_COMMA = YES;
				CLANG_WARN_CONSTANT_CONVERSION = YES;
				CLANG_WARN_DEPRECATED_OBJC_IMPLEMENTATIONS = YES;
				CLANG_WARN_DIRECT_OBJC_ISA_USAGE = YES_ERROR;
				CLANG_WARN_DOCUMENTATION_COMMENTS = YES;
				CLANG_WARN_EMPTY_BODY = YES;
				CLANG_WARN_ENUM_CONVERSION = YES;
				CLANG_WARN_INFINITE_RECURSION = YES;
				CLANG_WARN_INT_CONVERSION = YES;
				CLANG_WARN_NON_LITERAL_NULL_CONVERSION = YES;
				CLANG_WARN_OBJC_IMPLICIT_RETAIN_SELF = YES;
				CLANG_WARN_OBJC_LITERAL_CONVERSION = YES;
				CLANG_WARN_OBJC_ROOT_CLASS = YES_ERROR;
				CLANG_WARN_RANGE_LOOP_ANALYSIS = YES;
				CLANG_WARN_STRICT_PROTOTYPES = YES;
				CLANG_WARN_SUSPICIOUS_MOVE = YES;
				CLANG_WARN_UNGUARDED_AVAILABILITY = YES_AGGRESSIVE;
				CLANG_WARN_UNREACHABLE_CODE = YES;
				CLANG_WARN__DUPLICATE_METHOD_MATCH = YES;
				COPY_PHASE_STRIP = NO;
				DEBUG_INFORMATION_FORMAT = dwarf;
				ENABLE_STRICT_OBJC_MSGSEND = YES;
				ENABLE_TESTABILITY = YES;
				GCC_C_LANGUAGE_STANDARD = gnu11;
				GCC_DYNAMIC_NO_PIC = NO;
				GCC_NO_COMMON_BLOCKS = YES;
				GCC_OPTIMIZATION_LEVEL = 0;
				GCC_PREPROCESSOR_DEFINITIONS = (
					"DEBUG=1",
					"$(inherited)",
				);
				GCC_WARN_64_TO_32_BIT_CONVERSION = YES;
				GCC_WARN_ABOUT_RETURN_TYPE = YES_ERROR;
				GCC_WARN_UNDECLARED_SELECTOR = YES;
				GCC_WARN_UNINITIALIZED_AUTOS = YES_AGGRESSIVE;
				GCC_WARN_UNUSED_FUNCTION = YES;
				GCC_WARN_UNUSED_VARIABLE = YES;
				IPHONEOS_DEPLOYMENT_TARGET = 13.7;
				MTL_ENABLE_DEBUG_INFO = INCLUDE_SOURCE;
				MTL_FAST_MATH = YES;
				ONLY_ACTIVE_ARCH = YES;
				SDKROOT = iphoneos;
				SWIFT_ACTIVE_COMPILATION_CONDITIONS = DEBUG;
				SWIFT_OPTIMIZATION_LEVEL = "-Onone";
			};
			name = Debug;
		};
		7D4971E2250B2B9900727B19 /* Release */ = {
			isa = XCBuildConfiguration;
			buildSettings = {
				ALWAYS_SEARCH_USER_PATHS = NO;
				CLANG_ANALYZER_LOCALIZABILITY_NONLOCALIZED = YES;
				CLANG_ANALYZER_NONNULL = YES;
				CLANG_ANALYZER_NUMBER_OBJECT_CONVERSION = YES_AGGRESSIVE;
				CLANG_CXX_LANGUAGE_STANDARD = "gnu++14";
				CLANG_CXX_LIBRARY = "libc++";
				CLANG_ENABLE_MODULES = YES;
				CLANG_ENABLE_OBJC_ARC = YES;
				CLANG_ENABLE_OBJC_WEAK = YES;
				CLANG_WARN_BLOCK_CAPTURE_AUTORELEASING = YES;
				CLANG_WARN_BOOL_CONVERSION = YES;
				CLANG_WARN_COMMA = YES;
				CLANG_WARN_CONSTANT_CONVERSION = YES;
				CLANG_WARN_DEPRECATED_OBJC_IMPLEMENTATIONS = YES;
				CLANG_WARN_DIRECT_OBJC_ISA_USAGE = YES_ERROR;
				CLANG_WARN_DOCUMENTATION_COMMENTS = YES;
				CLANG_WARN_EMPTY_BODY = YES;
				CLANG_WARN_ENUM_CONVERSION = YES;
				CLANG_WARN_INFINITE_RECURSION = YES;
				CLANG_WARN_INT_CONVERSION = YES;
				CLANG_WARN_NON_LITERAL_NULL_CONVERSION = YES;
				CLANG_WARN_OBJC_IMPLICIT_RETAIN_SELF = YES;
				CLANG_WARN_OBJC_LITERAL_CONVERSION = YES;
				CLANG_WARN_OBJC_ROOT_CLASS = YES_ERROR;
				CLANG_WARN_RANGE_LOOP_ANALYSIS = YES;
				CLANG_WARN_STRICT_PROTOTYPES = YES;
				CLANG_WARN_SUSPICIOUS_MOVE = YES;
				CLANG_WARN_UNGUARDED_AVAILABILITY = YES_AGGRESSIVE;
				CLANG_WARN_UNREACHABLE_CODE = YES;
				CLANG_WARN__DUPLICATE_METHOD_MATCH = YES;
				COPY_PHASE_STRIP = NO;
				DEBUG_INFORMATION_FORMAT = "dwarf-with-dsym";
				ENABLE_NS_ASSERTIONS = NO;
				ENABLE_STRICT_OBJC_MSGSEND = YES;
				GCC_C_LANGUAGE_STANDARD = gnu11;
				GCC_NO_COMMON_BLOCKS = YES;
				GCC_WARN_64_TO_32_BIT_CONVERSION = YES;
				GCC_WARN_ABOUT_RETURN_TYPE = YES_ERROR;
				GCC_WARN_UNDECLARED_SELECTOR = YES;
				GCC_WARN_UNINITIALIZED_AUTOS = YES_AGGRESSIVE;
				GCC_WARN_UNUSED_FUNCTION = YES;
				GCC_WARN_UNUSED_VARIABLE = YES;
				IPHONEOS_DEPLOYMENT_TARGET = 13.7;
				MTL_ENABLE_DEBUG_INFO = NO;
				MTL_FAST_MATH = YES;
				SDKROOT = iphoneos;
				SWIFT_COMPILATION_MODE = wholemodule;
				SWIFT_OPTIMIZATION_LEVEL = "-O";
				VALIDATE_PRODUCT = YES;
			};
			name = Release;
		};
		7D4971E4250B2B9900727B19 /* Debug */ = {
			isa = XCBuildConfiguration;
			buildSettings = {
				ASSETCATALOG_COMPILER_APPICON_NAME = AppIcon;
				CODE_SIGN_STYLE = Automatic;
				DEVELOPMENT_TEAM = 883AV94R69;
				INFOPLIST_FILE = StudySwiftDemo/Info.plist;
				IPHONEOS_DEPLOYMENT_TARGET = 13.0;
				LD_RUNPATH_SEARCH_PATHS = (
					"$(inherited)",
					"@executable_path/Frameworks",
				);
				MARKETING_VERSION = 1.0;
				PRODUCT_BUNDLE_IDENTIFIER = com.stYiwe.StudySwiftDemo;
				PRODUCT_NAME = "$(TARGET_NAME)";
				SWIFT_VERSION = 5.0;
				TARGETED_DEVICE_FAMILY = "1,2";
			};
			name = Debug;
		};
		7D4971E5250B2B9900727B19 /* Release */ = {
			isa = XCBuildConfiguration;
			buildSettings = {
				ASSETCATALOG_COMPILER_APPICON_NAME = AppIcon;
				CODE_SIGN_STYLE = Automatic;
				DEVELOPMENT_TEAM = 883AV94R69;
				INFOPLIST_FILE = StudySwiftDemo/Info.plist;
				IPHONEOS_DEPLOYMENT_TARGET = 13.0;
				LD_RUNPATH_SEARCH_PATHS = (
					"$(inherited)",
					"@executable_path/Frameworks",
				);
				MARKETING_VERSION = 1.0;
				PRODUCT_BUNDLE_IDENTIFIER = com.stYiwe.StudySwiftDemo;
				PRODUCT_NAME = "$(TARGET_NAME)";
				SWIFT_VERSION = 5.0;
				TARGETED_DEVICE_FAMILY = "1,2";
			};
			name = Release;
		};
/* End XCBuildConfiguration section */

/* Begin XCConfigurationList section */
		7D4971CA250B2B9800727B19 /* Build configuration list for PBXProject "StudySwiftDemo" */ = {
			isa = XCConfigurationList;
			buildConfigurations = (
				7D4971E1250B2B9900727B19 /* Debug */,
				7D4971E2250B2B9900727B19 /* Release */,
			);
			defaultConfigurationIsVisible = 0;
			defaultConfigurationName = Release;
		};
		7D4971E3250B2B9900727B19 /* Build configuration list for PBXNativeTarget "StudySwiftDemo" */ = {
			isa = XCConfigurationList;
			buildConfigurations = (
				7D4971E4250B2B9900727B19 /* Debug */,
				7D4971E5250B2B9900727B19 /* Release */,
			);
			defaultConfigurationIsVisible = 0;
			defaultConfigurationName = Release;
		};
/* End XCConfigurationList section */
	};
	rootObject = 7D4971C7250B2B9800727B19 /* Project object */;
}
